{
  "object": {
    "pins": [
      {
        "package": "CLMDB",
        "repositoryURL": "https://github.com/jernejstrasner/CLMDB.git",
        "state": {
          "branch": null,
          "revision": "6ad4409b4f2416ad615cfb834ca594d38b8cfc8c",
          "version": "0.1.2"
        }
      }
    ]
  },
  "version": 1
}
